
Microsoft Visual Studio Solution File, Format Version 12.00
# Visual Studio Version 17
VisualStudioVersion = 17.8.34330.188
MinimumVisualStudioVersion = 10.0.40219.1
Project("{FAE04EC0-301F-11D3-BF4B-00C04F79EFBC}") = "OOP7", "OOP7.csproj", "{D77DFA4B-C49B-48F6-94FA-510A72633905}"
EndProject
Global
	GlobalSection(SolutionConfigurationPlatforms) = preSolution
		Debug|Any CPU = Debug|Any CPU
		Release|Any CPU = Release|Any CPU
	EndGlobalSection
	GlobalSection(ProjectConfigurationPlatforms) = postSolution
		{D77DFA4B-C49B-48F6-94FA-510A72633905}.Debug|Any CPU.ActiveCfg = Debug|Any CPU
		{D77DFA4B-C49B-48F6-94FA-510A72633905}.Debug|Any CPU.Build.0 = Debug|Any CPU
		{D77DFA4B-C49B-48F6-94FA-510A72633905}.Release|Any CPU.ActiveCfg = Release|Any CPU
		{D77DFA4B-C49B-48F6-94FA-510A72633905}.Release|Any CPU.Build.0 = Release|Any CPU
	EndGlobalSection
	GlobalSection(SolutionProperties) = preSolution
		HideSolutionNode = FALSE
	EndGlobalSection
	GlobalSection(ExtensibilityGlobals) = postSolution
		SolutionGuid = {D4BC6E72-D5E0-431C-BCD3-F824D1735A9C}
	EndGlobalSection
EndGlobal
